
Microsoft Visual Studio Solution File, Format Version 12.00
# Visual Studio Version 16
VisualStudioVersion = 16.0.31205.134
MinimumVisualStudioVersion = 10.0.40219.1
Project("{FAE04EC0-301F-11D3-BF4B-00C04F79EFBC}") = "apiGestores", "apiGestores\apiGestores.csproj", "{9AA8D89B-FDCB-4973-970D-151FF9291C88}"
EndProject
Global
	GlobalSection(SolutionConfigurationPlatforms) = preSolution
		Debug|Any CPU = Debug|Any CPU
		Release|Any CPU = Release|Any CPU
	EndGlobalSection
	GlobalSection(ProjectConfigurationPlatforms) = postSolution
		{9AA8D89B-FDCB-4973-970D-151FF9291C88}.Debug|Any CPU.ActiveCfg = Debug|Any CPU
		{9AA8D89B-FDCB-4973-970D-151FF9291C88}.Debug|Any CPU.Build.0 = Debug|Any CPU
		{9AA8D89B-FDCB-4973-970D-151FF9291C88}.Release|Any CPU.ActiveCfg = Release|Any CPU
		{9AA8D89B-FDCB-4973-970D-151FF9291C88}.Release|Any CPU.Build.0 = Release|Any CPU
	EndGlobalSection
	GlobalSection(SolutionProperties) = preSolution
		HideSolutionNode = FALSE
	EndGlobalSection
	GlobalSection(ExtensibilityGlobals) = postSolution
		SolutionGuid = {6A409594-8C26-4CEC-8390-4DEFC01192A3}
	EndGlobalSection
EndGlobal
